<Solution>
  <Folder Name="/src/">
    <Project Path="src/ResponsabiliMano.Core/ResponsabiliMano.Core.csproj" />
    <Project Path="src/ResponsabiliMano.Infrastructure/ResponsabiliMano.Infrastructure.csproj" />
    <Project Path="src/ResponsabiliMano.Web/ResponsabiliMano.Web.csproj" />
  </Folder>
  <Folder Name="/tests/">
    <Project Path="tests/ResponsabiliMano.Infrastructure.Tests/ResponsabiliMano.Infrastructure.Tests.csproj" />
    <Project Path="tests/ResponsabiliMano.Web.Tests/ResponsabiliMano.Web.Tests.csproj" />
    <Project Path="tests/ResponsabiliMano.Web.IntegrationTests/ResponsabiliMano.Web.IntegrationTests.csproj" />
  </Folder>
</Solution>
